# Exact Python 3.12+ environment resolved from requirements-okf.txt.
# Regenerate intentionally with:
# uv pip compile requirements-okf.txt --python-version 3.12 --no-annotate --no-header --output-file requirements-okf.lock
annotated-doc==0.0.5
annotated-types==0.8.0
attrs==26.1.0
beautifulsoup4==4.15.0
cachetools==7.1.7
cattrs==26.1.0
certifi==2026.7.22
charset-normalizer==3.4.9
documented==0.1.4
frozendict==2.4.7
funcy==2.0
idna==3.18
jsonschema==4.26.0
jsonschema-specifications==2025.9.1
lxml==6.1.1
markdown-it-py==4.2.0
mdurl==0.1.2
multidict==6.7.1
platformdirs==4.11.1
propcache==0.5.2
pydantic==2.13.4
pydantic-core==2.46.4
pygments==2.20.0
pyld==2.0.4
pyparsing==3.3.2
python-frontmatter==1.3.0
pyyaml==6.0.3
rdflib==7.6.0
rdflib-pyld-compat==0.1.0
referencing==0.37.0
requests==2.34.2
requests-cache==1.3.3
rich==15.0.0
rpds-py==2026.6.3
ruamel-yaml==0.19.1
shellingham==1.5.4
soupsieve==2.9.2
testfixtures==12.3.0
typer==0.27.1
typing-extensions==4.16.0
typing-inspection==0.4.2
url-normalize==3.0.0
urllib3==2.7.0
yaml-ld==1.1.22
yarl==1.24.5
